<?xml version="1.0" encoding="utf-8"?>
<Project ToolsVersion="4.0" xmlns="http://schemas.microsoft.com/developer/msbuild/2003">
  <ItemGroup>
    <Filter Include="Source Files">
      <UniqueIdentifier>{bcbca77d-710f-4e52-b882-cfe588aac251}</UniqueIdentifier>
      <Extensions>cpp;c;cxx;rc;def;r;odl;idl;hpj;bat</Extensions>
    </Filter>
    <Filter Include="Header Files">
      <UniqueIdentifier>{91ebb5a3-1354-4274-90e8-9a6f7713b129}</UniqueIdentifier>
      <Extensions>h;hpp;hxx;hm;inl</Extensions>
    </Filter>
  </ItemGroup>
  <ItemGroup>
    <ClCompile Include="xdr.c">
      <Filter>Source Files</Filter>
    </ClCompile>
    <ClCompile Include="xdr_array.c">
      <Filter>Source Files</Filter>
    </ClCompile>
    <ClCompile Include="xdr_float.c">
      <Filter>Source Files</Filter>
    </ClCompile>
    <ClCompile Include="xdr_mem.c">
      <Filter>Source Files</Filter>
    </ClCompile>
    <ClCompile Include="xdr_rec.c">
      <Filter>Source Files</Filter>
    </ClCompile>
    <ClCompile Include="xdr_reference.c">
      <Filter>Source Files</Filter>
    </ClCompile>
    <ClCompile Include="xdr_stdio.c">
      <Filter>Source Files</Filter>
    </ClCompile>
  </ItemGroup>
  <ItemGroup>
    <ClInclude Include="..\include\rpc\types.h">
      <Filter>Header Files</Filter>
    </ClInclude>
    <ClInclude Include="..\include\rpc\xdr.h">
      <Filter>Header Files</Filter>
    </ClInclude>
  </ItemGroup>
</Project>